// !$*UTF8*$!
{
	archiveVersion = 1;
	classes = {
	};
	objectVersion = 48;
	objects = {

/* Begin PBXBuildFile section */
		8B0752662064B5DC00187431 /* AppDelegate.swift in Sources */ = {isa = PBXBuildFile; fileRef = 8B0752652064B5DC00187431 /* AppDelegate.swift */; };
		8B0752682064B5DC00187431 /* MovieViewController.swift in Sources */ = {isa = PBXBuildFile; fileRef = 8B0752672064B5DC00187431 /* MovieViewController.swift */; };
		8B07526B2064B5DC00187431 /* Main.storyboard in Resources */ = {isa = PBXBuildFile; fileRef = 8B0752692064B5DC00187431 /* Main.storyboard */; };
		8B07526D2064B5DC00187431 /* Assets.xcassets in Resources */ = {isa = PBXBuildFile; fileRef = 8B07526C2064B5DC00187431 /* Assets.xcassets */; };
		8B0752702064B5DC00187431 /* LaunchScreen.storyboard in Resources */ = {isa = PBXBuildFile; fileRef = 8B07526E2064B5DC00187431 /* LaunchScreen.storyboard */; };
		8B07527B2064B5DC00187431 /* TrackerTests.swift in Sources */ = {isa = PBXBuildFile; fileRef = 8B07527A2064B5DC00187431 /* TrackerTests.swift */; };
		8B0752862064B5DC00187431 /* TrackerUITests.swift in Sources */ = {isa = PBXBuildFile; fileRef = 8B0752852064B5DC00187431 /* TrackerUITests.swift */; };
		8B075294207F4F8800187431 /* RatingViewControl.swift in Sources */ = {isa = PBXBuildFile; fileRef = 8B075293207F4F8800187431 /* RatingViewControl.swift */; };
		8BDC1A2C2084584F00809049 /* MovieTableViewCell.swift in Sources */ = {isa = PBXBuildFile; fileRef = 8BDC1A2B2084584F00809049 /* MovieTableViewCell.swift */; };
		8BDC1A2E20845FBC00809049 /* MovieTableViewController.swift in Sources */ = {isa = PBXBuildFile; fileRef = 8BDC1A2D20845FBC00809049 /* MovieTableViewController.swift */; };
		8BDC1A30208461EE00809049 /* Movie.swift in Sources */ = {isa = PBXBuildFile; fileRef = 8BDC1A2F208461EE00809049 /* Movie.swift */; };
/* End PBXBuildFile section */

/* Begin PBXContainerItemProxy section */
		8B0752772064B5DC00187431 /* PBXContainerItemProxy */ = {
			isa = PBXContainerItemProxy;
			containerPortal = 8B07525A2064B5DC00187431 /* Project object */;
			proxyType = 1;
			remoteGlobalIDString = 8B0752612064B5DC00187431;
			remoteInfo = Tracker;
		};
		8B0752822064B5DC00187431 /* PBXContainerItemProxy */ = {
			isa = PBXContainerItemProxy;
			containerPortal = 8B07525A2064B5DC00187431 /* Project object */;
			proxyType = 1;
			remoteGlobalIDString = 8B0752612064B5DC00187431;
			remoteInfo = Tracker;
		};
/* End PBXContainerItemProxy section */

/* Begin PBXFileReference section */
		8B0752622064B5DC00187431 /* Tracker.app */ = {isa = PBXFileReference; explicitFileType = wrapper.application; includeInIndex = 0; path = Tracker.app; sourceTree = BUILT_PRODUCTS_DIR; };
		8B0752652064B5DC00187431 /* AppDelegate.swift */ = {isa = PBXFileReference; lastKnownFileType = sourcecode.swift; path = AppDelegate.swift; sourceTree = "<group>"; };
		8B0752672064B5DC00187431 /* MovieViewController.swift */ = {isa = PBXFileReference; lastKnownFileType = sourcecode.swift; path = MovieViewController.swift; sourceTree = "<group>"; };
		8B07526A2064B5DC00187431 /* Base */ = {isa = PBXFileReference; lastKnownFileType = file.storyboard; name = Base; path = Base.lproj/Main.storyboard; sourceTree = "<group>"; };
		8B07526C2064B5DC00187431 /* Assets.xcassets */ = {isa = PBXFileReference; lastKnownFileType = folder.assetcatalog; path = Assets.xcassets; sourceTree = "<group>"; };
		8B07526F2064B5DC00187431 /* Base */ = {isa = PBXFileReference; lastKnownFileType = file.storyboard; name = Base; path = Base.lproj/LaunchScreen.storyboard; sourceTree = "<group>"; };
		8B0752712064B5DC00187431 /* Info.plist */ = {isa = PBXFileReference; lastKnownFileType = text.plist.xml; path = Info.plist; sourceTree = "<group>"; };
		8B0752762064B5DC00187431 /* TrackerTests.xctest */ = {isa = PBXFileReference; explicitFileType = wrapper.cfbundle; includeInIndex = 0; path = TrackerTests.xctest; sourceTree = BUILT_PRODUCTS_DIR; };
		8B07527A2064B5DC00187431 /* TrackerTests.swift */ = {isa = PBXFileReference; lastKnownFileType = sourcecode.swift; path = TrackerTests.swift; sourceTree = "<group>"; };
		8B07527C2064B5DC00187431 /* Info.plist */ = {isa = PBXFileReference; lastKnownFileType = text.plist.xml; path = Info.plist; sourceTree = "<group>"; };
		8B0752812064B5DC00187431 /* TrackerUITests.xctest */ = {isa = PBXFileReference; explicitFileType = wrapper.cfbundle; includeInIndex = 0; path = TrackerUITests.xctest; sourceTree = BUILT_PRODUCTS_DIR; };
		8B0752852064B5DC00187431 /* TrackerUITests.swift */ = {isa = PBXFileReference; lastKnownFileType = sourcecode.swift; path = TrackerUITests.swift; sourceTree = "<group>"; };
		8B0752872064B5DC00187431 /* Info.plist */ = {isa = PBXFileReference; lastKnownFileType = text.plist.xml; path = Info.plist; sourceTree = "<group>"; };
		8B075293207F4F8800187431 /* RatingViewControl.swift */ = {isa = PBXFileReference; lastKnownFileType = sourcecode.swift; path = RatingViewControl.swift; sourceTree = "<group>"; };
		8BDC1A2B2084584F00809049 /* MovieTableViewCell.swift */ = {isa = PBXFileReference; lastKnownFileType = sourcecode.swift; path = MovieTableViewCell.swift; sourceTree = "<group>"; };
		8BDC1A2D20845FBC00809049 /* MovieTableViewController.swift */ = {isa = PBXFileReference; lastKnownFileType = sourcecode.swift; path = MovieTableViewController.swift; sourceTree = "<group>"; };
		8BDC1A2F208461EE00809049 /* Movie.swift */ = {isa = PBXFileReference; lastKnownFileType = sourcecode.swift; path = Movie.swift; sourceTree = "<group>"; };
/* End PBXFileReference section */

/* Begin PBXFrameworksBuildPhase section */
		8B07525F2064B5DC00187431 /* Frameworks */ = {
			isa = PBXFrameworksBuildPhase;
			buildActionMask = 2147483647;
			files = (
			);
			runOnlyForDeploymentPostprocessing = 0;
		};
		8B0752732064B5DC00187431 /* Frameworks */ = {
			isa = PBXFrameworksBuildPhase;
			buildActionMask = 2147483647;
			files = (
			);
			runOnlyForDeploymentPostprocessing = 0;
		};
		8B07527E2064B5DC00187431 /* Frameworks */ = {
			isa = PBXFrameworksBuildPhase;
			buildActionMask = 2147483647;
			files = (
			);
			runOnlyForDeploymentPostprocessing = 0;
		};
/* End PBXFrameworksBuildPhase section */

/* Begin PBXGroup section */
		8B0752592064B5DC00187431 = {
			isa = PBXGroup;
			children = (
				8B0752642064B5DC00187431 /* Tracker */,
				8B0752792064B5DC00187431 /* TrackerTests */,
				8B0752842064B5DC00187431 /* TrackerUITests */,
				8B0752632064B5DC00187431 /* Products */,
			);
			sourceTree = "<group>";
		};
		8B0752632064B5DC00187431 /* Products */ = {
			isa = PBXGroup;
			children = (
				8B0752622064B5DC00187431 /* Tracker.app */,
				8B0752762064B5DC00187431 /* TrackerTests.xctest */,
				8B0752812064B5DC00187431 /* TrackerUITests.xctest */,
			);
			name = Products;
			sourceTree = "<group>";
		};
		8B0752642064B5DC00187431 /* Tracker */ = {
			isa = PBXGroup;
			children = (
				8B0752652064B5DC00187431 /* AppDelegate.swift */,
				8B0752672064B5DC00187431 /* MovieViewController.swift */,
				8BDC1A2B2084584F00809049 /* MovieTableViewCell.swift */,
				8BDC1A2F208461EE00809049 /* Movie.swift */,
				8B0752692064B5DC00187431 /* Main.storyboard */,
				8BDC1A2D20845FBC00809049 /* MovieTableViewController.swift */,
				8B07526C2064B5DC00187431 /* Assets.xcassets */,
				8B07526E2064B5DC00187431 /* LaunchScreen.storyboard */,
				8B0752712064B5DC00187431 /* Info.plist */,
				8B075293207F4F8800187431 /* RatingViewControl.swift */,
			);
			path = Tracker;
			sourceTree = "<group>";
		};
		8B0752792064B5DC00187431 /* TrackerTests */ = {
			isa = PBXGroup;
			children = (
				8B07527A2064B5DC00187431 /* TrackerTests.swift */,
				8B07527C2064B5DC00187431 /* Info.plist */,
			);
			path = TrackerTests;
			sourceTree = "<group>";
		};
		8B0752842064B5DC00187431 /* TrackerUITests */ = {
			isa = PBXGroup;
			children = (
				8B0752852064B5DC00187431 /* TrackerUITests.swift */,
				8B0752872064B5DC00187431 /* Info.plist */,
			);
			path = TrackerUITests;
			sourceTree = "<group>";
		};
/* End PBXGroup section */

/* Begin PBXNativeTarget section */
		8B0752612064B5DC00187431 /* Tracker */ = {
			isa = PBXNativeTarget;
			buildConfigurationList = 8B07528A2064B5DD00187431 /* Build configuration list for PBXNativeTarget "Tracker" */;
			buildPhases = (
				8B07525E2064B5DC00187431 /* Sources */,
				8B07525F2064B5DC00187431 /* Frameworks */,
				8B0752602064B5DC00187431 /* Resources */,
			);
			buildRules = (
			);
			dependencies = (
			);
			name = Tracker;
			productName = Tracker;
			productReference = 8B0752622064B5DC00187431 /* Tracker.app */;
			productType = "com.apple.product-type.application";
		};
		8B0752752064B5DC00187431 /* TrackerTests */ = {
			isa = PBXNativeTarget;
			buildConfigurationList = 8B07528D2064B5DD00187431 /* Build configuration list for PBXNativeTarget "TrackerTests" */;
			buildPhases = (
				8B0752722064B5DC00187431 /* Sources */,
				8B0752732064B5DC00187431 /* Frameworks */,
				8B0752742064B5DC00187431 /* Resources */,
			);
			buildRules = (
			);
			dependencies = (
				8B0752782064B5DC00187431 /* PBXTargetDependency */,
			);
			name = TrackerTests;
			productName = TrackerTests;
			productReference = 8B0752762064B5DC00187431 /* TrackerTests.xctest */;
			productType = "com.apple.product-type.bundle.unit-test";
		};
		8B0752802064B5DC00187431 /* TrackerUITests */ = {
			isa = PBXNativeTarget;
			buildConfigurationList = 8B0752902064B5DD00187431 /* Build configuration list for PBXNativeTarget "TrackerUITests" */;
			buildPhases = (
				8B07527D2064B5DC00187431 /* Sources */,
				8B07527E2064B5DC00187431 /* Frameworks */,
				8B07527F2064B5DC00187431 /* Resources */,
			);
			buildRules = (
			);
			dependencies = (
				8B0752832064B5DC00187431 /* PBXTargetDependency */,
			);
			name = TrackerUITests;
			productName = TrackerUITests;
			productReference = 8B0752812064B5DC00187431 /* TrackerUITests.xctest */;
			productType = "com.apple.product-type.bundle.ui-testing";
		};
/* End PBXNativeTarget section */

/* Begin PBXProject section */
		8B07525A2064B5DC00187431 /* Project object */ = {
			isa = PBXProject;
			attributes = {
				LastSwiftUpdateCheck = 0920;
				LastUpgradeCheck = 0920;
				ORGANIZATIONNAME = "Ron Tran";
				TargetAttributes = {
					8B0752612064B5DC00187431 = {
						CreatedOnToolsVersion = 9.2;
						ProvisioningStyle = Automatic;
					};
					8B0752752064B5DC00187431 = {
						CreatedOnToolsVersion = 9.2;
						ProvisioningStyle = Automatic;
						TestTargetID = 8B0752612064B5DC00187431;
					};
					8B0752802064B5DC00187431 = {
						CreatedOnToolsVersion = 9.2;
						ProvisioningStyle = Automatic;
						TestTargetID = 8B0752612064B5DC00187431;
					};
				};
			};
			buildConfigurationList = 8B07525D2064B5DC00187431 /* Build configuration list for PBXProject "Tracker" */;
			compatibilityVersion = "Xcode 8.0";
			developmentRegion = en;
			hasScannedForEncodings = 0;
			knownRegions = (
				en,
				Base,
			);
			mainGroup = 8B0752592064B5DC00187431;
			productRefGroup = 8B0752632064B5DC00187431 /* Products */;
			projectDirPath = "";
			projectRoot = "";
			targets = (
				8B0752612064B5DC00187431 /* Tracker */,
				8B0752752064B5DC00187431 /* TrackerTests */,
				8B0752802064B5DC00187431 /* TrackerUITests */,
			);
		};
/* End PBXProject section */

/* Begin PBXResourcesBuildPhase section */
		8B0752602064B5DC00187431 /* Resources */ = {
			isa = PBXResourcesBuildPhase;
			buildActionMask = 2147483647;
			files = (
				8B0752702064B5DC00187431 /* LaunchScreen.storyboard in Resources */,
				8B07526D2064B5DC00187431 /* Assets.xcassets in Resources */,
				8B07526B2064B5DC00187431 /* Main.storyboard in Resources */,
			);
			runOnlyForDeploymentPostprocessing = 0;
		};
		8B0752742064B5DC00187431 /* Resources */ = {
			isa = PBXResourcesBuildPhase;
			buildActionMask = 2147483647;
			files = (
			);
			runOnlyForDeploymentPostprocessing = 0;
		};
		8B07527F2064B5DC00187431 /* Resources */ = {
			isa = PBXResourcesBuildPhase;
			buildActionMask = 2147483647;
			files = (
			);
			runOnlyForDeploymentPostprocessing = 0;
		};
/* End PBXResourcesBuildPhase section */

/* Begin PBXSourcesBuildPhase section */
		8B07525E2064B5DC00187431 /* Sources */ = {
			isa = PBXSourcesBuildPhase;
			buildActionMask = 2147483647;
			files = (
				8BDC1A2E20845FBC00809049 /* MovieTableViewController.swift in Sources */,
				8B075294207F4F8800187431 /* RatingViewControl.swift in Sources */,
				8BDC1A30208461EE00809049 /* Movie.swift in Sources */,
				8B0752682064B5DC00187431 /* MovieViewController.swift in Sources */,
				8BDC1A2C2084584F00809049 /* MovieTableViewCell.swift in Sources */,
				8B0752662064B5DC00187431 /* AppDelegate.swift in Sources */,
			);
			runOnlyForDeploymentPostprocessing = 0;
		};
		8B0752722064B5DC00187431 /* Sources */ = {
			isa = PBXSourcesBuildPhase;
			buildActionMask = 2147483647;
			files = (
				8B07527B2064B5DC00187431 /* TrackerTests.swift in Sources */,
			);
			runOnlyForDeploymentPostprocessing = 0;
		};
		8B07527D2064B5DC00187431 /* Sources */ = {
			isa = PBXSourcesBuildPhase;
			buildActionMask = 2147483647;
			files = (
				8B0752862064B5DC00187431 /* TrackerUITests.swift in Sources */,
			);
			runOnlyForDeploymentPostprocessing = 0;
		};
/* End PBXSourcesBuildPhase section */

/* Begin PBXTargetDependency section */
		8B0752782064B5DC00187431 /* PBXTargetDependency */ = {
			isa = PBXTargetDependency;
			target = 8B0752612064B5DC00187431 /* Tracker */;
			targetProxy = 8B0752772064B5DC00187431 /* PBXContainerItemProxy */;
		};
		8B0752832064B5DC00187431 /* PBXTargetDependency */ = {
			isa = PBXTargetDependency;
			target = 8B0752612064B5DC00187431 /* Tracker */;
			targetProxy = 8B0752822064B5DC00187431 /* PBXContainerItemProxy */;
		};
/* End PBXTargetDependency section */

/* Begin PBXVariantGroup section */
		8B0752692064B5DC00187431 /* Main.storyboard */ = {
			isa = PBXVariantGroup;
			children = (
				8B07526A2064B5DC00187431 /* Base */,
			);
			name = Main.storyboard;
			sourceTree = "<group>";
		};
		8B07526E2064B5DC00187431 /* LaunchScreen.storyboard */ = {
			isa = PBXVariantGroup;
			children = (
				8B07526F2064B5DC00187431 /* Base */,
			);
			name = LaunchScreen.storyboard;
			sourceTree = "<group>";
		};
/* End PBXVariantGroup section */

/* Begin XCBuildConfiguration section */
		8B0752882064B5DC00187431 /* Debug */ = {
			isa = XCBuildConfiguration;
			buildSettings = {
				ALWAYS_SEARCH_USER_PATHS = NO;
				CLANG_ANALYZER_NONNULL = YES;
				CLANG_ANALYZER_NUMBER_OBJECT_CONVERSION = YES_AGGRESSIVE;
				CLANG_CXX_LANGUAGE_STANDARD = "gnu++14";
				CLANG_CXX_LIBRARY = "libc++";
				CLANG_ENABLE_MODULES = YES;
				CLANG_ENABLE_OBJC_ARC = YES;
				CLANG_WARN_BLOCK_CAPTURE_AUTORELEASING = YES;
				CLANG_WARN_BOOL_CONVERSION = YES;
				CLANG_WARN_COMMA = YES;
				CLANG_WARN_CONSTANT_CONVERSION = YES;
				CLANG_WARN_DIRECT_OBJC_ISA_USAGE = YES_ERROR;
				CLANG_WARN_DOCUMENTATION_COMMENTS = YES;
				CLANG_WARN_EMPTY_BODY = YES;
				CLANG_WARN_ENUM_CONVERSION = YES;
				CLANG_WARN_INFINITE_RECURSION = YES;
				CLANG_WARN_INT_CONVERSION = YES;
				CLANG_WARN_NON_LITERAL_NULL_CONVERSION = YES;
				CLANG_WARN_OBJC_LITERAL_CONVERSION = YES;
				CLANG_WARN_OBJC_ROOT_CLASS = YES_ERROR;
				CLANG_WARN_RANGE_LOOP_ANALYSIS = YES;
				CLANG_WARN_STRICT_PROTOTYPES = YES;
				CLANG_WARN_SUSPICIOUS_MOVE = YES;
				CLANG_WARN_UNGUARDED_AVAILABILITY = YES_AGGRESSIVE;
				CLANG_WARN_UNREACHABLE_CODE = YES;
				CLANG_WARN__DUPLICATE_METHOD_MATCH = YES;
				CODE_SIGN_IDENTITY = "iPhone Developer";
				COPY_PHASE_STRIP = NO;
				DEBUG_INFORMATION_FORMAT = dwarf;
				ENABLE_STRICT_OBJC_MSGSEND = YES;
				ENABLE_TESTABILITY = YES;
				GCC_C_LANGUAGE_STANDARD = gnu11;
				GCC_DYNAMIC_NO_PIC = NO;
				GCC_NO_COMMON_BLOCKS = YES;
				GCC_OPTIMIZATION_LEVEL = 0;
				GCC_PREPROCESSOR_DEFINITIONS = (
					"DEBUG=1",
					"$(inherited)",
				);
				GCC_WARN_64_TO_32_BIT_CONVERSION = YES;
				GCC_WARN_ABOUT_RETURN_TYPE = YES_ERROR;
				GCC_WARN_UNDECLARED_SELECTOR = YES;
				GCC_WARN_UNINITIALIZED_AUTOS = YES_AGGRESSIVE;
				GCC_WARN_UNUSED_FUNCTION = YES;
				GCC_WARN_UNUSED_VARIABLE = YES;
				IPHONEOS_DEPLOYMENT_TARGET = 11.2;
				MTL_ENABLE_DEBUG_INFO = YES;
				ONLY_ACTIVE_ARCH = YES;
				SDKROOT = iphoneos;
				SWIFT_ACTIVE_COMPILATION_CONDITIONS = DEBUG;
				SWIFT_OPTIMIZATION_LEVEL = "-Onone";
			};
			name = Debug;
		};
		8B0752892064B5DC00187431 /* Release */ = {
			isa = XCBuildConfiguration;
			buildSettings = {
				ALWAYS_SEARCH_USER_PATHS = NO;
				CLANG_ANALYZER_NONNULL = YES;
				CLANG_ANALYZER_NUMBER_OBJECT_CONVERSION = YES_AGGRESSIVE;
				CLANG_CXX_LANGUAGE_STANDARD = "gnu++14";
				CLANG_CXX_LIBRARY = "libc++";
				CLANG_ENABLE_MODULES = YES;
				CLANG_ENABLE_OBJC_ARC = YES;
				CLANG_WARN_BLOCK_CAPTURE_AUTORELEASING = YES;
				CLANG_WARN_BOOL_CONVERSION = YES;
				CLANG_WARN_COMMA = YES;
				CLANG_WARN_CONSTANT_CONVERSION = YES;
				CLANG_WARN_DIRECT_OBJC_ISA_USAGE = YES_ERROR;
				CLANG_WARN_DOCUMENTATION_COMMENTS = YES;
				CLANG_WARN_EMPTY_BODY = YES;
				CLANG_WARN_ENUM_CONVERSION = YES;
				CLANG_WARN_INFINITE_RECURSION = YES;
				CLANG_WARN_INT_CONVERSION = YES;
				CLANG_WARN_NON_LITERAL_NULL_CONVERSION = YES;
				CLANG_WARN_OBJC_LITERAL_CONVERSION = YES;
				CLANG_WARN_OBJC_ROOT_CLASS = YES_ERROR;
				CLANG_WARN_RANGE_LOOP_ANALYSIS = YES;
				CLANG_WARN_STRICT_PROTOTYPES = YES;
				CLANG_WARN_SUSPICIOUS_MOVE = YES;
				CLANG_WARN_UNGUARDED_AVAILABILITY = YES_AGGRESSIVE;
				CLANG_WARN_UNREACHABLE_CODE = YES;
				CLANG_WARN__DUPLICATE_METHOD_MATCH = YES;
				CODE_SIGN_IDENTITY = "iPhone Developer";
				COPY_PHASE_STRIP = NO;
				DEBUG_INFORMATION_FORMAT = "dwarf-with-dsym";
				ENABLE_NS_ASSERTIONS = NO;
				ENABLE_STRICT_OBJC_MSGSEND = YES;
				GCC_C_LANGUAGE_STANDARD = gnu11;
				GCC_NO_COMMON_BLOCKS = YES;
				GCC_WARN_64_TO_32_BIT_CONVERSION = YES;
				GCC_WARN_ABOUT_RETURN_TYPE = YES_ERROR;
				GCC_WARN_UNDECLARED_SELECTOR = YES;
				GCC_WARN_UNINITIALIZED_AUTOS = YES_AGGRESSIVE;
				GCC_WARN_UNUSED_FUNCTION = YES;
				GCC_WARN_UNUSED_VARIABLE = YES;
				IPHONEOS_DEPLOYMENT_TARGET = 11.2;
				MTL_ENABLE_DEBUG_INFO = NO;
				SDKROOT = iphoneos;
				SWIFT_OPTIMIZATION_LEVEL = "-Owholemodule";
				VALIDATE_PRODUCT = YES;
			};
			name = Release;
		};
		8B07528B2064B5DD00187431 /* Debug */ = {
			isa = XCBuildConfiguration;
			buildSettings = {
				ASSETCATALOG_COMPILER_APPICON_NAME = AppIcon;
				CODE_SIGN_STYLE = Automatic;
				DEVELOPMENT_TEAM = WQUH3FF84Q;
				INFOPLIST_FILE = Tracker/Info.plist;
				LD_RUNPATH_SEARCH_PATHS = "$(inherited) @executable_path/Frameworks";
				PRODUCT_BUNDLE_IDENTIFIER = com.test.Tracker;
				PRODUCT_NAME = "$(TARGET_NAME)";
				SWIFT_VERSION = 4.0;
				TARGETED_DEVICE_FAMILY = "1,2";
			};
			name = Debug;
		};
		8B07528C2064B5DD00187431 /* Release */ = {
			isa = XCBuildConfiguration;
			buildSettings = {
				ASSETCATALOG_COMPILER_APPICON_NAME = AppIcon;
				CODE_SIGN_STYLE = Automatic;
				DEVELOPMENT_TEAM = WQUH3FF84Q;
				INFOPLIST_FILE = Tracker/Info.plist;
				LD_RUNPATH_SEARCH_PATHS = "$(inherited) @executable_path/Frameworks";
				PRODUCT_BUNDLE_IDENTIFIER = com.test.Tracker;
				PRODUCT_NAME = "$(TARGET_NAME)";
				SWIFT_VERSION = 4.0;
				TARGETED_DEVICE_FAMILY = "1,2";
			};
			name = Release;
		};
		8B07528E2064B5DD00187431 /* Debug */ = {
			isa = XCBuildConfiguration;
			buildSettings = {
				ALWAYS_EMBED_SWIFT_STANDARD_LIBRARIES = YES;
				BUNDLE_LOADER = "$(TEST_HOST)";
				CODE_SIGN_STYLE = Automatic;
				INFOPLIST_FILE = TrackerTests/Info.plist;
				LD_RUNPATH_SEARCH_PATHS = "$(inherited) @executable_path/Frameworks @loader_path/Frameworks";
				PRODUCT_BUNDLE_IDENTIFIER = com.test.TrackerTests;
				PRODUCT_NAME = "$(TARGET_NAME)";
				SWIFT_VERSION = 4.0;
				TARGETED_DEVICE_FAMILY = "1,2";
				TEST_HOST = "$(BUILT_PRODUCTS_DIR)/Tracker.app/Tracker";
			};
			name = Debug;
		};
		8B07528F2064B5DD00187431 /* Release */ = {
			isa = XCBuildConfiguration;
			buildSettings = {
				ALWAYS_EMBED_SWIFT_STANDARD_LIBRARIES = YES;
				BUNDLE_LOADER = "$(TEST_HOST)";
				CODE_SIGN_STYLE = Automatic;
				INFOPLIST_FILE = TrackerTests/Info.plist;
				LD_RUNPATH_SEARCH_PATHS = "$(inherited) @executable_path/Frameworks @loader_path/Frameworks";
				PRODUCT_BUNDLE_IDENTIFIER = com.test.TrackerTests;
				PRODUCT_NAME = "$(TARGET_NAME)";
				SWIFT_VERSION = 4.0;
				TARGETED_DEVICE_FAMILY = "1,2";
				TEST_HOST = "$(BUILT_PRODUCTS_DIR)/Tracker.app/Tracker";
			};
			name = Release;
		};
		8B0752912064B5DD00187431 /* Debug */ = {
			isa = XCBuildConfiguration;
			buildSettings = {
				ALWAYS_EMBED_SWIFT_STANDARD_LIBRARIES = YES;
				CODE_SIGN_STYLE = Automatic;
				INFOPLIST_FILE = TrackerUITests/Info.plist;
				LD_RUNPATH_SEARCH_PATHS = "$(inherited) @executable_path/Frameworks @loader_path/Frameworks";
				PRODUCT_BUNDLE_IDENTIFIER = com.test.TrackerUITests;
				PRODUCT_NAME = "$(TARGET_NAME)";
				SWIFT_VERSION = 4.0;
				TARGETED_DEVICE_FAMILY = "1,2";
				TEST_TARGET_NAME = Tracker;
			};
			name = Debug;
		};
		8B0752922064B5DD00187431 /* Release */ = {
			isa = XCBuildConfiguration;
			buildSettings = {
				ALWAYS_EMBED_SWIFT_STANDARD_LIBRARIES = YES;
				CODE_SIGN_STYLE = Automatic;
				INFOPLIST_FILE = TrackerUITests/Info.plist;
				LD_RUNPATH_SEARCH_PATHS = "$(inherited) @executable_path/Frameworks @loader_path/Frameworks";
				PRODUCT_BUNDLE_IDENTIFIER = com.test.TrackerUITests;
				PRODUCT_NAME = "$(TARGET_NAME)";
				SWIFT_VERSION = 4.0;
				TARGETED_DEVICE_FAMILY = "1,2";
				TEST_TARGET_NAME = Tracker;
			};
			name = Release;
		};
/* End XCBuildConfiguration section */

/* Begin XCConfigurationList section */
		8B07525D2064B5DC00187431 /* Build configuration list for PBXProject "Tracker" */ = {
			isa = XCConfigurationList;
			buildConfigurations = (
				8B0752882064B5DC00187431 /* Debug */,
				8B0752892064B5DC00187431 /* Release */,
			);
			defaultConfigurationIsVisible = 0;
			defaultConfigurationName = Release;
		};
		8B07528A2064B5DD00187431 /* Build configuration list for PBXNativeTarget "Tracker" */ = {
			isa = XCConfigurationList;
			buildConfigurations = (
				8B07528B2064B5DD00187431 /* Debug */,
				8B07528C2064B5DD00187431 /* Release */,
			);
			defaultConfigurationIsVisible = 0;
			defaultConfigurationName = Release;
		};
		8B07528D2064B5DD00187431 /* Build configuration list for PBXNativeTarget "TrackerTests" */ = {
			isa = XCConfigurationList;
			buildConfigurations = (
				8B07528E2064B5DD00187431 /* Debug */,
				8B07528F2064B5DD00187431 /* Release */,
			);
			defaultConfigurationIsVisible = 0;
			defaultConfigurationName = Release;
		};
		8B0752902064B5DD00187431 /* Build configuration list for PBXNativeTarget "TrackerUITests" */ = {
			isa = XCConfigurationList;
			buildConfigurations = (
				8B0752912064B5DD00187431 /* Debug */,
				8B0752922064B5DD00187431 /* Release */,
			);
			defaultConfigurationIsVisible = 0;
			defaultConfigurationName = Release;
		};
/* End XCConfigurationList section */
	};
	rootObject = 8B07525A2064B5DC00187431 /* Project object */;
}
